{
    "_meta": {
        "hash": {
            "sha256": "f34671b368ac1c470dc22133def0b00eb27e4b2a102dce3f33bbc1ebb1c2c0e3"
        },
        "pipfile-spec": 6,
        "requires": {
            "python_version": "3.7"
        },
        "sources": [
            {
                "name": "pypi",
                "url": "https://pypi.org/simple",
                "verify_ssl": true
            }
        ]
    },
    "default": {
        "argparse": {
            "hashes": [
                "sha256:62b089a55be1d8949cd2bc7e0df0bddb9e028faefc8c32038cc84862aefdd6e4",
                "sha256:c31647edb69fd3d465a847ea3157d37bed1f95f19760b11a47aa91c04b666314"
            ],
            "version": "==1.4.0"
        },
        "linecache2": {
            "hashes": [
                "sha256:4b26ff4e7110db76eeb6f5a7b64a82623839d595c2038eeda662f2a2db78e97c",
                "sha256:e78be9c0a0dfcbac712fe04fbf92b96cddae80b1b842f24248214c8496f006ef"
            ],
            "version": "==1.0.0"
        },
        "nose": {
            "hashes": [
                "sha256:9ff7c6cc443f8c51994b34a667bbcf45afd6d945be7477b52e97516fd17c53ac",
                "sha256:dadcddc0aefbf99eea214e0f1232b94f2fa9bd98fa8353711dacb112bfcbbb2a",
                "sha256:f1bffef9cbc82628f6e7d7b40d7e255aefaa1adb6a1b1d26c69a8b79e6208a98"
            ],
            "version": "==1.3.7"
        },
        "rectangle-packer": {
            "hashes": [
                "sha256:3e168481dcfcdfc31f4607629b2e787ad768810c0f6170d6d99c1f121f268b01",
                "sha256:5b15319d14fa6a05355c88d4619df1e70741cb1d293cb9707df46817d057a847",
                "sha256:7feb75ef251262369d513d5d66d9f5349b2c45a03b5cdc0aa49dfe2d40938ade",
                "sha256:b72a8994c9559f42a4e27991b46187efc943d75a1ebc62112f7fab868cf71d4d",
                "sha256:ddd283e3ef3b7166922574d5af4250500c35baac00014f3347536748a860f4da"
            ],
            "index": "pypi",
            "version": "==1.0.0"
        },
        "rectpack": {
            "hashes": [
                "sha256:473f799e097e2b958ee660e1559fb4e50a800eb0b4f455d4ec7836ab4c3fe849"
            ],
            "index": "pypi",
            "version": "==0.2.1"
        },
        "six": {
            "hashes": [
                "sha256:70e8a77beed4562e7f14fe23a786b54f6296e34344c23bc42f07b15018ff98e9",
                "sha256:832dc0e10feb1aa2c68dcc57dbb658f1c7e65b9b61af69048abc87a2db00a0eb"
            ],
            "version": "==1.11.0"
        },
        "traceback2": {
            "hashes": [
                "sha256:05acc67a09980c2ecfedd3423f7ae0104839eccb55fc645773e1caa0951c3030",
                "sha256:8253cebec4b19094d67cc5ed5af99bf1dba1285292226e98a31929f87a5d6b23"
            ],
            "version": "==1.4.0"
        },
        "unittest2": {
            "hashes": [
                "sha256:13f77d0875db6d9b435e1d4f41e74ad4cc2eb6e1d5c824996092b3430f088bb8",
                "sha256:22882a0e418c284e1f718a822b3b022944d53d2d908e1690b319a9d3eb2c0579"
            ],
            "version": "==1.1.0"
        }
    },
    "develop": {}
}
